
Microsoft Visual Studio Solution File, Format Version 12.00
Project("{FAE04EC0-301F-11D3-BF4B-00C04F79EFBC}") = "PluginManager", "src\PluginManager\PluginManager.csproj", "{C4B49361-A9C7-4207-900E-2216E71953C2}"
EndProject
Project("{FAE04EC0-301F-11D3-BF4B-00C04F79EFBC}") = "PluginAPI", "src\PluginAPI\PluginAPI.csproj", "{2E955885-ABEC-42CC-AB99-420937DC6BBA}"
EndProject
Project("{FAE04EC0-301F-11D3-BF4B-00C04F79EFBC}") = "ConsoleTest", "tests\ConsoleTest\ConsoleTest.csproj", "{22C1E124-DDD7-40B8-A5CB-541437E1DC10}"
EndProject
Project("{FAE04EC0-301F-11D3-BF4B-00C04F79EFBC}") = "Plugins", "tests\Plugins\Plugins.csproj", "{F750FD29-E589-4C10-B2FE-2B96F1606972}"
EndProject
Project("{FAE04EC0-301F-11D3-BF4B-00C04F79EFBC}") = "Plugins2", "tests\Plugins2\Plugins2.csproj", "{BEF3ED0F-BA9A-4793-8D7E-9750079072D0}"
EndProject
Project("{2150E333-8FDC-42A3-9474-1A3956D46DE8}") = "src", "src", "{DE9284AD-EECA-4CC3-A2CA-508C3E1910B1}"
EndProject
Project("{2150E333-8FDC-42A3-9474-1A3956D46DE8}") = "tests", "tests", "{1144B408-4925-4FBF-A7FA-64B436D73A1E}"
EndProject
Global
	GlobalSection(SolutionConfigurationPlatforms) = preSolution
		Debug|Any CPU = Debug|Any CPU
		Release|Any CPU = Release|Any CPU
	EndGlobalSection
	GlobalSection(ProjectConfigurationPlatforms) = postSolution
		{C4B49361-A9C7-4207-900E-2216E71953C2}.Debug|Any CPU.ActiveCfg = Debug|Any CPU
		{C4B49361-A9C7-4207-900E-2216E71953C2}.Debug|Any CPU.Build.0 = Debug|Any CPU
		{C4B49361-A9C7-4207-900E-2216E71953C2}.Release|Any CPU.ActiveCfg = Release|Any CPU
		{C4B49361-A9C7-4207-900E-2216E71953C2}.Release|Any CPU.Build.0 = Release|Any CPU
		{2E955885-ABEC-42CC-AB99-420937DC6BBA}.Debug|Any CPU.ActiveCfg = Debug|Any CPU
		{2E955885-ABEC-42CC-AB99-420937DC6BBA}.Debug|Any CPU.Build.0 = Debug|Any CPU
		{2E955885-ABEC-42CC-AB99-420937DC6BBA}.Release|Any CPU.ActiveCfg = Release|Any CPU
		{2E955885-ABEC-42CC-AB99-420937DC6BBA}.Release|Any CPU.Build.0 = Release|Any CPU
		{22C1E124-DDD7-40B8-A5CB-541437E1DC10}.Debug|Any CPU.ActiveCfg = Debug|Any CPU
		{22C1E124-DDD7-40B8-A5CB-541437E1DC10}.Debug|Any CPU.Build.0 = Debug|Any CPU
		{22C1E124-DDD7-40B8-A5CB-541437E1DC10}.Release|Any CPU.ActiveCfg = Release|Any CPU
		{22C1E124-DDD7-40B8-A5CB-541437E1DC10}.Release|Any CPU.Build.0 = Release|Any CPU
		{F750FD29-E589-4C10-B2FE-2B96F1606972}.Debug|Any CPU.ActiveCfg = Debug|Any CPU
		{F750FD29-E589-4C10-B2FE-2B96F1606972}.Debug|Any CPU.Build.0 = Debug|Any CPU
		{F750FD29-E589-4C10-B2FE-2B96F1606972}.Release|Any CPU.ActiveCfg = Release|Any CPU
		{F750FD29-E589-4C10-B2FE-2B96F1606972}.Release|Any CPU.Build.0 = Release|Any CPU
		{BEF3ED0F-BA9A-4793-8D7E-9750079072D0}.Debug|Any CPU.ActiveCfg = Debug|Any CPU
		{BEF3ED0F-BA9A-4793-8D7E-9750079072D0}.Debug|Any CPU.Build.0 = Debug|Any CPU
		{BEF3ED0F-BA9A-4793-8D7E-9750079072D0}.Release|Any CPU.ActiveCfg = Release|Any CPU
		{BEF3ED0F-BA9A-4793-8D7E-9750079072D0}.Release|Any CPU.Build.0 = Release|Any CPU
	EndGlobalSection
	GlobalSection(NestedProjects) = preSolution
		{C4B49361-A9C7-4207-900E-2216E71953C2} = {DE9284AD-EECA-4CC3-A2CA-508C3E1910B1}
		{2E955885-ABEC-42CC-AB99-420937DC6BBA} = {DE9284AD-EECA-4CC3-A2CA-508C3E1910B1}
		{22C1E124-DDD7-40B8-A5CB-541437E1DC10} = {1144B408-4925-4FBF-A7FA-64B436D73A1E}
		{F750FD29-E589-4C10-B2FE-2B96F1606972} = {1144B408-4925-4FBF-A7FA-64B436D73A1E}
		{BEF3ED0F-BA9A-4793-8D7E-9750079072D0} = {1144B408-4925-4FBF-A7FA-64B436D73A1E}
	EndGlobalSection
EndGlobal
