
Microsoft Visual Studio Solution File, Format Version 12.00
Project("{FAE04EC0-301F-11D3-BF4B-00C04F79EFBC}") = "PluginManager", "src\PluginManager\PluginManager.csproj", "{2945FB98-4EF2-4CD6-8627-0A3D94C011C3}"
EndProject
Project("{FAE04EC0-301F-11D3-BF4B-00C04F79EFBC}") = "PluginAPI", "src\PluginAPI\PluginAPI.csproj", "{BF765945-418A-4C82-887E-EB427055734C}"
EndProject
Project("{FAE04EC0-301F-11D3-BF4B-00C04F79EFBC}") = "Plugins", "tests\Plugins\Plugins.csproj", "{1CF8E82B-1D9B-4441-B6DE-A6BF5465B872}"
EndProject
Project("{FAE04EC0-301F-11D3-BF4B-00C04F79EFBC}") = "Plugins2", "tests\Plugins2\Plugins2.csproj", "{639C9083-6CC8-44D6-9A6C-EC2BA71739EA}"
EndProject
Project("{FAE04EC0-301F-11D3-BF4B-00C04F79EFBC}") = "ConsoleTest", "tests\ConsoleTest\ConsoleTest.csproj", "{05F13C9C-A2C1-4690-B9BB-E0A6C33F3191}"
EndProject
Project("{2150E333-8FDC-42A3-9474-1A3956D46DE8}") = "src", "src", "{2FAACA62-AE71-4A0B-8B1E-B708C3D7EAEC}"
EndProject
Project("{2150E333-8FDC-42A3-9474-1A3956D46DE8}") = "tests", "tests", "{5B457949-AFF0-4AD3-9BAD-12DBE9D86132}"
EndProject
Project("{FAE04EC0-301F-11D3-BF4B-00C04F79EFBC}") = "TestAssembly", "tests\TestAssembly\TestAssembly.csproj", "{7B870927-5BD8-47CE-BC92-0F0BCE51E68B}"
EndProject
Project("{FAE04EC0-301F-11D3-BF4B-00C04F79EFBC}") = "PluginManagerTests", "tests\PluginManagerTests\PluginManagerTests.csproj", "{8D6FB05E-0869-41B8-9F18-0C58EDCA8205}"
EndProject
Global
	GlobalSection(SolutionConfigurationPlatforms) = preSolution
		Debug|Any CPU = Debug|Any CPU
		Release|Any CPU = Release|Any CPU
	EndGlobalSection
	GlobalSection(ProjectConfigurationPlatforms) = postSolution
		{2945FB98-4EF2-4CD6-8627-0A3D94C011C3}.Debug|Any CPU.ActiveCfg = Debug|Any CPU
		{2945FB98-4EF2-4CD6-8627-0A3D94C011C3}.Debug|Any CPU.Build.0 = Debug|Any CPU
		{2945FB98-4EF2-4CD6-8627-0A3D94C011C3}.Release|Any CPU.ActiveCfg = Release|Any CPU
		{2945FB98-4EF2-4CD6-8627-0A3D94C011C3}.Release|Any CPU.Build.0 = Release|Any CPU
		{BF765945-418A-4C82-887E-EB427055734C}.Debug|Any CPU.ActiveCfg = Debug|Any CPU
		{BF765945-418A-4C82-887E-EB427055734C}.Debug|Any CPU.Build.0 = Debug|Any CPU
		{BF765945-418A-4C82-887E-EB427055734C}.Release|Any CPU.ActiveCfg = Release|Any CPU
		{BF765945-418A-4C82-887E-EB427055734C}.Release|Any CPU.Build.0 = Release|Any CPU
		{1CF8E82B-1D9B-4441-B6DE-A6BF5465B872}.Debug|Any CPU.ActiveCfg = Debug|Any CPU
		{1CF8E82B-1D9B-4441-B6DE-A6BF5465B872}.Debug|Any CPU.Build.0 = Debug|Any CPU
		{1CF8E82B-1D9B-4441-B6DE-A6BF5465B872}.Release|Any CPU.ActiveCfg = Release|Any CPU
		{1CF8E82B-1D9B-4441-B6DE-A6BF5465B872}.Release|Any CPU.Build.0 = Release|Any CPU
		{639C9083-6CC8-44D6-9A6C-EC2BA71739EA}.Debug|Any CPU.ActiveCfg = Debug|Any CPU
		{639C9083-6CC8-44D6-9A6C-EC2BA71739EA}.Debug|Any CPU.Build.0 = Debug|Any CPU
		{639C9083-6CC8-44D6-9A6C-EC2BA71739EA}.Release|Any CPU.ActiveCfg = Release|Any CPU
		{639C9083-6CC8-44D6-9A6C-EC2BA71739EA}.Release|Any CPU.Build.0 = Release|Any CPU
		{05F13C9C-A2C1-4690-B9BB-E0A6C33F3191}.Debug|Any CPU.ActiveCfg = Debug|Any CPU
		{05F13C9C-A2C1-4690-B9BB-E0A6C33F3191}.Debug|Any CPU.Build.0 = Debug|Any CPU
		{05F13C9C-A2C1-4690-B9BB-E0A6C33F3191}.Release|Any CPU.ActiveCfg = Release|Any CPU
		{05F13C9C-A2C1-4690-B9BB-E0A6C33F3191}.Release|Any CPU.Build.0 = Release|Any CPU
		{7B870927-5BD8-47CE-BC92-0F0BCE51E68B}.Debug|Any CPU.ActiveCfg = Debug|Any CPU
		{7B870927-5BD8-47CE-BC92-0F0BCE51E68B}.Debug|Any CPU.Build.0 = Debug|Any CPU
		{7B870927-5BD8-47CE-BC92-0F0BCE51E68B}.Release|Any CPU.ActiveCfg = Release|Any CPU
		{7B870927-5BD8-47CE-BC92-0F0BCE51E68B}.Release|Any CPU.Build.0 = Release|Any CPU
		{8D6FB05E-0869-41B8-9F18-0C58EDCA8205}.Debug|Any CPU.ActiveCfg = Debug|Any CPU
		{8D6FB05E-0869-41B8-9F18-0C58EDCA8205}.Debug|Any CPU.Build.0 = Debug|Any CPU
		{8D6FB05E-0869-41B8-9F18-0C58EDCA8205}.Release|Any CPU.ActiveCfg = Release|Any CPU
		{8D6FB05E-0869-41B8-9F18-0C58EDCA8205}.Release|Any CPU.Build.0 = Release|Any CPU
	EndGlobalSection
	GlobalSection(NestedProjects) = preSolution
		{BF765945-418A-4C82-887E-EB427055734C} = {2FAACA62-AE71-4A0B-8B1E-B708C3D7EAEC}
		{2945FB98-4EF2-4CD6-8627-0A3D94C011C3} = {2FAACA62-AE71-4A0B-8B1E-B708C3D7EAEC}
		{05F13C9C-A2C1-4690-B9BB-E0A6C33F3191} = {5B457949-AFF0-4AD3-9BAD-12DBE9D86132}
		{1CF8E82B-1D9B-4441-B6DE-A6BF5465B872} = {5B457949-AFF0-4AD3-9BAD-12DBE9D86132}
		{639C9083-6CC8-44D6-9A6C-EC2BA71739EA} = {5B457949-AFF0-4AD3-9BAD-12DBE9D86132}
		{7B870927-5BD8-47CE-BC92-0F0BCE51E68B} = {5B457949-AFF0-4AD3-9BAD-12DBE9D86132}
		{8D6FB05E-0869-41B8-9F18-0C58EDCA8205} = {5B457949-AFF0-4AD3-9BAD-12DBE9D86132}
	EndGlobalSection
EndGlobal
